
Microsoft Visual Studio Solution File, Format Version 12.00
# Visual Studio Version 17
VisualStudioVersion = 17.11.35219.272
MinimumVisualStudioVersion = 10.0.40219.1
Project("{FAE04EC0-301F-11D3-BF4B-00C04F79EFBC}") = "ComE", "ComE.csproj", "{3F50281D-BE21-4CDA-B1EF-6DA5A4DC460E}"
EndProject
Global
	GlobalSection(SolutionConfigurationPlatforms) = preSolution
		Debug|Any CPU = Debug|Any CPU
		Release|Any CPU = Release|Any CPU
	EndGlobalSection
	GlobalSection(ProjectConfigurationPlatforms) = postSolution
		{3F50281D-BE21-4CDA-B1EF-6DA5A4DC460E}.Debug|Any CPU.ActiveCfg = Debug|Any CPU
		{3F50281D-BE21-4CDA-B1EF-6DA5A4DC460E}.Debug|Any CPU.Build.0 = Debug|Any CPU
		{3F50281D-BE21-4CDA-B1EF-6DA5A4DC460E}.Release|Any CPU.ActiveCfg = Release|Any CPU
		{3F50281D-BE21-4CDA-B1EF-6DA5A4DC460E}.Release|Any CPU.Build.0 = Release|Any CPU
	EndGlobalSection
	GlobalSection(SolutionProperties) = preSolution
		HideSolutionNode = FALSE
	EndGlobalSection
	GlobalSection(ExtensibilityGlobals) = postSolution
		SolutionGuid = {711A1FB0-CDB6-40CE-A754-934A7FEB53D2}
	EndGlobalSection
EndGlobal
